
Microsoft Visual Studio Solution File, Format Version 12.00
# Visual Studio Version 17
VisualStudioVersion = 17.6.33717.318
MinimumVisualStudioVersion = 10.0.40219.1
Project("{FAE04EC0-301F-11D3-BF4B-00C04F79EFBC}") = "Herança", "Herança\Herança.csproj", "{B433F8BD-F683-4C0E-BA3D-F61FFF14027C}"
EndProject
Project("{FAE04EC0-301F-11D3-BF4B-00C04F79EFBC}") = "2Heranca_ModifAcesso", "2Heranca_ModifAcesso\2Heranca_ModifAcesso.csproj", "{E6702D76-3397-44AB-AD3C-848F09C58B06}"
EndProject
Global
	GlobalSection(SolutionConfigurationPlatforms) = preSolution
		Debug|Any CPU = Debug|Any CPU
		Release|Any CPU = Release|Any CPU
	EndGlobalSection
	GlobalSection(ProjectConfigurationPlatforms) = postSolution
		{B433F8BD-F683-4C0E-BA3D-F61FFF14027C}.Debug|Any CPU.ActiveCfg = Debug|Any CPU
		{B433F8BD-F683-4C0E-BA3D-F61FFF14027C}.Debug|Any CPU.Build.0 = Debug|Any CPU
		{B433F8BD-F683-4C0E-BA3D-F61FFF14027C}.Release|Any CPU.ActiveCfg = Release|Any CPU
		{B433F8BD-F683-4C0E-BA3D-F61FFF14027C}.Release|Any CPU.Build.0 = Release|Any CPU
		{E6702D76-3397-44AB-AD3C-848F09C58B06}.Debug|Any CPU.ActiveCfg = Debug|Any CPU
		{E6702D76-3397-44AB-AD3C-848F09C58B06}.Debug|Any CPU.Build.0 = Debug|Any CPU
		{E6702D76-3397-44AB-AD3C-848F09C58B06}.Release|Any CPU.ActiveCfg = Release|Any CPU
		{E6702D76-3397-44AB-AD3C-848F09C58B06}.Release|Any CPU.Build.0 = Release|Any CPU
	EndGlobalSection
	GlobalSection(SolutionProperties) = preSolution
		HideSolutionNode = FALSE
	EndGlobalSection
	GlobalSection(ExtensibilityGlobals) = postSolution
		SolutionGuid = {2EF3EEFC-2F11-4F00-8761-5D0BB75ABDC0}
	EndGlobalSection
EndGlobal
